# This file is autogenerated, do not edit; changes may be undone by the next 'dep ensure'.


[[projects]]
  digest = "1:5b587b9776404aa32cca2ca681d51fba0835381cff0a153bb84c5dcc4e480761"
  name = "github.com/gocarina/gocsv"
  packages = ["."]
  pruneopts = "UT"
  revision = "7099e67763c29f812fa2ed7083f32e38be60125a"

[solve-meta]
  analyzer-name = "dep"
  analyzer-version = 1
  input-imports = ["github.com/gocarina/gocsv"]
  solver-name = "gps-cdcl"
  solver-version = 1
